
Microsoft Visual Studio Solution File, Format Version 12.00
# Visual Studio 15
VisualStudioVersion = 15.0.27428.2002
MinimumVisualStudioVersion = 10.0.40219.1
Project("{FAE04EC0-301F-11D3-BF4B-00C04F79EFBC}") = "PondLibrary", "PondLibrary\PondLibrary.csproj", "{AA864D65-C751-4CB6-9837-9790336DA0DE}"
EndProject
Global
	GlobalSection(SolutionConfigurationPlatforms) = preSolution
		Debug|Any CPU = Debug|Any CPU
		Release|Any CPU = Release|Any CPU
	EndGlobalSection
	GlobalSection(ProjectConfigurationPlatforms) = postSolution
		{AA864D65-C751-4CB6-9837-9790336DA0DE}.Debug|Any CPU.ActiveCfg = Debug|Any CPU
		{AA864D65-C751-4CB6-9837-9790336DA0DE}.Debug|Any CPU.Build.0 = Debug|Any CPU
		{AA864D65-C751-4CB6-9837-9790336DA0DE}.Release|Any CPU.ActiveCfg = Release|Any CPU
		{AA864D65-C751-4CB6-9837-9790336DA0DE}.Release|Any CPU.Build.0 = Release|Any CPU
	EndGlobalSection
	GlobalSection(SolutionProperties) = preSolution
		HideSolutionNode = FALSE
	EndGlobalSection
	GlobalSection(ExtensibilityGlobals) = postSolution
		SolutionGuid = {1A0E2F8F-4E03-40AB-B1BD-CEB1AE2F4B38}
	EndGlobalSection
EndGlobal
